# THIS IS AN AUTOGENERATED FILE. DO NOT EDIT THIS FILE DIRECTLY.
# yarn lockfile v1


"@adraffy/ens-normalize@1.8.9":
  version "1.8.9"
  resolved "https://registry.yarnpkg.com/@adraffy/ens-normalize/-/ens-normalize-1.8.9.tgz#67b3acadebbb551669c9a1da15fac951db795b85"
  integrity sha512-93OmGCV0vO8+JQ3FHG+gZk/MPHzzMPDRiCiFcCQNTCnHaaxsacO3ScTPGlu2wX2dOtgfalbchPcw1cOYYjHCYQ==

"@noble/hashes@1.1.2":
  version "1.1.2"
  resolved "https://registry.yarnpkg.com/@noble/hashes/-/hashes-1.1.2.tgz#e9e035b9b166ca0af657a7848eb2718f0f22f183"
  integrity sha512-KYRCASVTv6aeUi1tsF8/vpyR7zpfs3FUzy2Jqm+MU+LmUKhQ0y2FpfwqkCcxSg2ua4GALJd8k2R76WxwZGbQpA==

"@noble/secp256k1@1.6.3":
  version "1.6.3"
  resolved "https://registry.yarnpkg.com/@noble/secp256k1/-/secp256k1-1.6.3.tgz#7eed12d9f4404b416999d0c87686836c4c5c9b94"
  integrity sha512-T04e4iTurVy7I8Sw4+c5OSN9/RkPlo1uKxAomtxQNLq8j1uPAqnsqG1bqvY3Jv7c13gyr6dui0zmh/I3+f/JaQ==

aes-js@4.0.0-beta.3:
  version "4.0.0-beta.3"
  resolved "https://registry.yarnpkg.com/aes-js/-/aes-js-4.0.0-beta.3.tgz#da2253f0ff03a0b3a9e445c8cbdf78e7fda7d48c"
  integrity sha512-/xJX0/VTPcbc5xQE2VUP91y1xN8q/rDfhEzLm+vLc3hYvb5+qHCnpJRuFcrKn63zumK/sCwYYzhG8HP78JYSTA==

ethers@^6.0.0-beta-exports.16:
  version "6.0.0-beta-exports.16"
  resolved "https://registry.yarnpkg.com/ethers/-/ethers-6.0.0-beta-exports.16.tgz#ae70354971f8337b9908a7871ab62ee38c98e069"
  integrity sha512-k/rI/UyJOEs0qDWzcUYhQWD5n5NQ7GHCqHGZ1DQCC4yoHfq+BCNJ58vVfTGYugO8ni8xhMM1VW22tngBcMMcEQ==
  dependencies:
    "@adraffy/ens-normalize" "1.8.9"
    "@noble/hashes" "1.1.2"
    "@noble/secp256k1" "1.6.3"
    aes-js "4.0.0-beta.3"
    tslib "2.4.0"
    ws "8.5.0"

fsevents@~2.3.2:
  version "2.3.2"
  resolved "https://registry.yarnpkg.com/fsevents/-/fsevents-2.3.2.tgz#8a526f78b8fdf4623b709e0b975c52c24c02fd1a"
  integrity sha512-xiqMQR4xAeHTuB9uWm+fFRcIOgKBMiOBP+eXiyT7jsgVCq1bkVygt00oASowB7EdtpOHaaPgKt812P9ab+DDKA==

prettier@^2.8.8:
  version "2.8.8"
  resolved "https://registry.yarnpkg.com/prettier/-/prettier-2.8.8.tgz#e8c5d7e98a4305ffe3de2e1fc4aca1a71c28b1da"
  integrity sha512-tdN8qQGvNjw4CHbY+XXk0JgCXn9QiF21a55rBe5LJAU+kDyC4WQn4+awm2Xfk2lQMk5fKup9XgzTZtGkjBdP9Q==

rollup@^3.22.0:
  version "3.22.0"
  resolved "https://registry.yarnpkg.com/rollup/-/rollup-3.22.0.tgz#e6671baebdd473154ac7998bbc57faabcd7bba20"
  integrity sha512-imsigcWor5Y/dC0rz2q0bBt9PabcL3TORry2hAa6O6BuMvY71bqHyfReAz5qyAqiQATD1m70qdntqBfBQjVWpQ==
  optionalDependencies:
    fsevents "~2.3.2"

tslib@2.4.0:
  version "2.4.0"
  resolved "https://registry.yarnpkg.com/tslib/-/tslib-2.4.0.tgz#7cecaa7f073ce680a05847aa77be941098f36dc3"
  integrity sha512-d6xOpEDfsi2CZVlPQzGeux8XMwLT9hssAsaPYExaQMuYskwb+x1x7J371tWlbBdWHroy99KnVB6qIkUbs5X3UQ==

ws@8.5.0:
  version "8.5.0"
  resolved "https://registry.yarnpkg.com/ws/-/ws-8.5.0.tgz#bfb4be96600757fe5382de12c670dab984a1ed4f"
  integrity sha512-BWX0SWVgLPzYwF8lTzEy1egjhS4S4OEAHfsO8o65WOVsrnSRGaSiUaa9e0ggGlkMTtBlmOpEXiie9RUcBO86qg==
